{
  "name": "salixfrost",
  "lockfileVersion": 3,
  "requires": true,
  "packages": {
    "": {
      "dependencies": {
        "kilo": "^0.0.0"
      }
    },
    "node_modules/kilo": {
      "version": "0.0.0",
      "resolved": "https://registry.npmjs.org/kilo/-/kilo-0.0.0.tgz",
      "integrity": "sha512-ixn1EG/tQ90EyrVz57mN4/wuRy/LW9Yu0kMGHHDfOJsQm4vE+gYrmT4J5CVl85KrGgd1Gxnj8NlcDET1AJruQQ==",
      "license": "MIT"
    }
  }
}
